Microsoft Visual Studio Solution File, Format Version 11.00
# Visual Studio 2010
Project("{F184B08F-C81C-45F6-A57F-5ABD9991F28F}") = "AgDataGrid_SortGroupsBySummary", "AgDataGrid_SortGroupsBySummary\AgDataGrid_SortGroupsBySummary.vbproj", "{EA2C1D76-2FA3-440B-A762-48C20CF91151}"
EndProject
Global
	GlobalSection(SolutionConfigurationPlatforms) = preSolution
		Debug|Any CPU = Debug|Any CPU
		Release|Any CPU = Release|Any CPU
	EndGlobalSection
	GlobalSection(ProjectConfigurationPlatforms) = postSolution
		{EA2C1D76-2FA3-440B-A762-48C20CF91151}.Debug|Any CPU.ActiveCfg = Debug|Any CPU
		{EA2C1D76-2FA3-440B-A762-48C20CF91151}.Debug|Any CPU.Build.0 = Debug|Any CPU
		{EA2C1D76-2FA3-440B-A762-48C20CF91151}.Release|Any CPU.ActiveCfg = Release|Any CPU
		{EA2C1D76-2FA3-440B-A762-48C20CF91151}.Release|Any CPU.Build.0 = Release|Any CPU
	EndGlobalSection
	GlobalSection(SolutionProperties) = preSolution
		HideSolutionNode = FALSE
	EndGlobalSection
EndGlobal
